
Microsoft Visual Studio Solution File, Format Version 12.00
# Visual Studio 14
VisualStudioVersion = 14.0.25123.0
MinimumVisualStudioVersion = 10.0.40219.1
Project("{FAE04EC0-301F-11D3-BF4B-00C04F79EFBC}") = "BoostrapperChecker", "BoostrapperChecker\BoostrapperChecker.csproj", "{47E048D1-E51B-4002-B886-599414904B7C}"
EndProject
Project("{FAE04EC0-301F-11D3-BF4B-00C04F79EFBC}") = "BootstrapperCheckerApp", "BootstrapperCheckerApp\BootstrapperCheckerApp.csproj", "{6F2A38CE-7B88-4E28-BC89-0B63D16FB65D}"
EndProject
Global
	GlobalSection(SolutionConfigurationPlatforms) = preSolution
		Debug|Any CPU = Debug|Any CPU
		Release|Any CPU = Release|Any CPU
	EndGlobalSection
	GlobalSection(ProjectConfigurationPlatforms) = postSolution
		{47E048D1-E51B-4002-B886-599414904B7C}.Debug|Any CPU.ActiveCfg = Debug|Any CPU
		{47E048D1-E51B-4002-B886-599414904B7C}.Debug|Any CPU.Build.0 = Debug|Any CPU
		{47E048D1-E51B-4002-B886-599414904B7C}.Release|Any CPU.ActiveCfg = Release|Any CPU
		{47E048D1-E51B-4002-B886-599414904B7C}.Release|Any CPU.Build.0 = Release|Any CPU
		{6F2A38CE-7B88-4E28-BC89-0B63D16FB65D}.Debug|Any CPU.ActiveCfg = Debug|Any CPU
		{6F2A38CE-7B88-4E28-BC89-0B63D16FB65D}.Debug|Any CPU.Build.0 = Debug|Any CPU
		{6F2A38CE-7B88-4E28-BC89-0B63D16FB65D}.Release|Any CPU.ActiveCfg = Release|Any CPU
		{6F2A38CE-7B88-4E28-BC89-0B63D16FB65D}.Release|Any CPU.Build.0 = Release|Any CPU
	EndGlobalSection
	GlobalSection(SolutionProperties) = preSolution
		HideSolutionNode = FALSE
	EndGlobalSection
EndGlobal
